// !$*UTF8*$!
{
	archiveVersion = 1;
	classes = {
	};
	objectVersion = 48;
	objects = {

/* Begin PBXBuildFile section */
		1E163F1520090BB3002A3BCA /* AppDelegate.swift in Sources */ = {isa = PBXBuildFile; fileRef = 1E163F1420090BB3002A3BCA /* AppDelegate.swift */; };
		1E163F1720090BB3002A3BCA /* ViewController.swift in Sources */ = {isa = PBXBuildFile; fileRef = 1E163F1620090BB3002A3BCA /* ViewController.swift */; };
		1E163F1A20090BB3002A3BCA /* Main.storyboard in Resources */ = {isa = PBXBuildFile; fileRef = 1E163F1820090BB3002A3BCA /* Main.storyboard */; };
		1E163F1C20090BB3002A3BCA /* Assets.xcassets in Resources */ = {isa = PBXBuildFile; fileRef = 1E163F1B20090BB3002A3BCA /* Assets.xcassets */; };
		1E163F1F20090BB3002A3BCA /* LaunchScreen.storyboard in Resources */ = {isa = PBXBuildFile; fileRef = 1E163F1D20090BB3002A3BCA /* LaunchScreen.storyboard */; };
		1E163F2A20090BB4002A3BCA /* SecondKadaiAppTests.swift in Sources */ = {isa = PBXBuildFile; fileRef = 1E163F2920090BB4002A3BCA /* SecondKadaiAppTests.swift */; };
		1E163F3520090BB4002A3BCA /* SecondKadaiAppUITests.swift in Sources */ = {isa = PBXBuildFile; fileRef = 1E163F3420090BB4002A3BCA /* SecondKadaiAppUITests.swift */; };
		1E163F4320090FDE002A3BCA /* ReplyViewController.swift in Sources */ = {isa = PBXBuildFile; fileRef = 1E163F4220090FDE002A3BCA /* ReplyViewController.swift */; };
/* End PBXBuildFile section */

/* Begin PBXContainerItemProxy section */
		1E163F2620090BB4002A3BCA /* PBXContainerItemProxy */ = {
			isa = PBXContainerItemProxy;
			containerPortal = 1E163F0920090BB3002A3BCA /* Project object */;
			proxyType = 1;
			remoteGlobalIDString = 1E163F1020090BB3002A3BCA;
			remoteInfo = SecondKadaiApp;
		};
		1E163F3120090BB4002A3BCA /* PBXContainerItemProxy */ = {
			isa = PBXContainerItemProxy;
			containerPortal = 1E163F0920090BB3002A3BCA /* Project object */;
			proxyType = 1;
			remoteGlobalIDString = 1E163F1020090BB3002A3BCA;
			remoteInfo = SecondKadaiApp;
		};
/* End PBXContainerItemProxy section */

/* Begin PBXFileReference section */
		1E163F1120090BB3002A3BCA /* SecondKadaiApp.app */ = {isa = PBXFileReference; explicitFileType = wrapper.application; includeInIndex = 0; path = SecondKadaiApp.app; sourceTree = BUILT_PRODUCTS_DIR; };
		1E163F1420090BB3002A3BCA /* AppDelegate.swift */ = {isa = PBXFileReference; lastKnownFileType = sourcecode.swift; path = AppDelegate.swift; sourceTree = "<group>"; };
		1E163F1620090BB3002A3BCA /* ViewController.swift */ = {isa = PBXFileReference; lastKnownFileType = sourcecode.swift; path = ViewController.swift; sourceTree = "<group>"; };
		1E163F1920090BB3002A3BCA /* Base */ = {isa = PBXFileReference; lastKnownFileType = file.storyboard; name = Base; path = Base.lproj/Main.storyboard; sourceTree = "<group>"; };
		1E163F1B20090BB3002A3BCA /* Assets.xcassets */ = {isa = PBXFileReference; lastKnownFileType = folder.assetcatalog; path = Assets.xcassets; sourceTree = "<group>"; };
		1E163F1E20090BB3002A3BCA /* Base */ = {isa = PBXFileReference; lastKnownFileType = file.storyboard; name = Base; path = Base.lproj/LaunchScreen.storyboard; sourceTree = "<group>"; };
		1E163F2020090BB3002A3BCA /* Info.plist */ = {isa = PBXFileReference; lastKnownFileType = text.plist.xml; path = Info.plist; sourceTree = "<group>"; };
		1E163F2520090BB4002A3BCA /* SecondKadaiAppTests.xctest */ = {isa = PBXFileReference; explicitFileType = wrapper.cfbundle; includeInIndex = 0; path = SecondKadaiAppTests.xctest; sourceTree = BUILT_PRODUCTS_DIR; };
		1E163F2920090BB4002A3BCA /* SecondKadaiAppTests.swift */ = {isa = PBXFileReference; lastKnownFileType = sourcecode.swift; path = SecondKadaiAppTests.swift; sourceTree = "<group>"; };
		1E163F2B20090BB4002A3BCA /* Info.plist */ = {isa = PBXFileReference; lastKnownFileType = text.plist.xml; path = Info.plist; sourceTree = "<group>"; };
		1E163F3020090BB4002A3BCA /* SecondKadaiAppUITests.xctest */ = {isa = PBXFileReference; explicitFileType = wrapper.cfbundle; includeInIndex = 0; path = SecondKadaiAppUITests.xctest; sourceTree = BUILT_PRODUCTS_DIR; };
		1E163F3420090BB4002A3BCA /* SecondKadaiAppUITests.swift */ = {isa = PBXFileReference; lastKnownFileType = sourcecode.swift; path = SecondKadaiAppUITests.swift; sourceTree = "<group>"; };
		1E163F3620090BB4002A3BCA /* Info.plist */ = {isa = PBXFileReference; lastKnownFileType = text.plist.xml; path = Info.plist; sourceTree = "<group>"; };
		1E163F4220090FDE002A3BCA /* ReplyViewController.swift */ = {isa = PBXFileReference; lastKnownFileType = sourcecode.swift; path = ReplyViewController.swift; sourceTree = "<group>"; };
/* End PBXFileReference section */

/* Begin PBXFrameworksBuildPhase section */
		1E163F0E20090BB3002A3BCA /* Frameworks */ = {
			isa = PBXFrameworksBuildPhase;
			buildActionMask = 2147483647;
			files = (
			);
			runOnlyForDeploymentPostprocessing = 0;
		};
		1E163F2220090BB4002A3BCA /* Frameworks */ = {
			isa = PBXFrameworksBuildPhase;
			buildActionMask = 2147483647;
			files = (
			);
			runOnlyForDeploymentPostprocessing = 0;
		};
		1E163F2D20090BB4002A3BCA /* Frameworks */ = {
			isa = PBXFrameworksBuildPhase;
			buildActionMask = 2147483647;
			files = (
			);
			runOnlyForDeploymentPostprocessing = 0;
		};
/* End PBXFrameworksBuildPhase section */

/* Begin PBXGroup section */
		1E163F0820090BB3002A3BCA = {
			isa = PBXGroup;
			children = (
				1E163F1320090BB3002A3BCA /* SecondKadaiApp */,
				1E163F2820090BB4002A3BCA /* SecondKadaiAppTests */,
				1E163F3320090BB4002A3BCA /* SecondKadaiAppUITests */,
				1E163F1220090BB3002A3BCA /* Products */,
			);
			sourceTree = "<group>";
		};
		1E163F1220090BB3002A3BCA /* Products */ = {
			isa = PBXGroup;
			children = (
				1E163F1120090BB3002A3BCA /* SecondKadaiApp.app */,
				1E163F2520090BB4002A3BCA /* SecondKadaiAppTests.xctest */,
				1E163F3020090BB4002A3BCA /* SecondKadaiAppUITests.xctest */,
			);
			name = Products;
			sourceTree = "<group>";
		};
		1E163F1320090BB3002A3BCA /* SecondKadaiApp */ = {
			isa = PBXGroup;
			children = (
				1E163F1420090BB3002A3BCA /* AppDelegate.swift */,
				1E163F1620090BB3002A3BCA /* ViewController.swift */,
				1E163F1820090BB3002A3BCA /* Main.storyboard */,
				1E163F4220090FDE002A3BCA /* ReplyViewController.swift */,
				1E163F1B20090BB3002A3BCA /* Assets.xcassets */,
				1E163F1D20090BB3002A3BCA /* LaunchScreen.storyboard */,
				1E163F2020090BB3002A3BCA /* Info.plist */,
			);
			path = SecondKadaiApp;
			sourceTree = "<group>";
		};
		1E163F2820090BB4002A3BCA /* SecondKadaiAppTests */ = {
			isa = PBXGroup;
			children = (
				1E163F2920090BB4002A3BCA /* SecondKadaiAppTests.swift */,
				1E163F2B20090BB4002A3BCA /* Info.plist */,
			);
			path = SecondKadaiAppTests;
			sourceTree = "<group>";
		};
		1E163F3320090BB4002A3BCA /* SecondKadaiAppUITests */ = {
			isa = PBXGroup;
			children = (
				1E163F3420090BB4002A3BCA /* SecondKadaiAppUITests.swift */,
				1E163F3620090BB4002A3BCA /* Info.plist */,
			);
			path = SecondKadaiAppUITests;
			sourceTree = "<group>";
		};
/* End PBXGroup section */

/* Begin PBXNativeTarget section */
		1E163F1020090BB3002A3BCA /* SecondKadaiApp */ = {
			isa = PBXNativeTarget;
			buildConfigurationList = 1E163F3920090BB4002A3BCA /* Build configuration list for PBXNativeTarget "SecondKadaiApp" */;
			buildPhases = (
				1E163F0D20090BB3002A3BCA /* Sources */,
				1E163F0E20090BB3002A3BCA /* Frameworks */,
				1E163F0F20090BB3002A3BCA /* Resources */,
			);
			buildRules = (
			);
			dependencies = (
			);
			name = SecondKadaiApp;
			productName = SecondKadaiApp;
			productReference = 1E163F1120090BB3002A3BCA /* SecondKadaiApp.app */;
			productType = "com.apple.product-type.application";
		};
		1E163F2420090BB4002A3BCA /* SecondKadaiAppTests */ = {
			isa = PBXNativeTarget;
			buildConfigurationList = 1E163F3C20090BB4002A3BCA /* Build configuration list for PBXNativeTarget "SecondKadaiAppTests" */;
			buildPhases = (
				1E163F2120090BB4002A3BCA /* Sources */,
				1E163F2220090BB4002A3BCA /* Frameworks */,
				1E163F2320090BB4002A3BCA /* Resources */,
			);
			buildRules = (
			);
			dependencies = (
				1E163F2720090BB4002A3BCA /* PBXTargetDependency */,
			);
			name = SecondKadaiAppTests;
			productName = SecondKadaiAppTests;
			productReference = 1E163F2520090BB4002A3BCA /* SecondKadaiAppTests.xctest */;
			productType = "com.apple.product-type.bundle.unit-test";
		};
		1E163F2F20090BB4002A3BCA /* SecondKadaiAppUITests */ = {
			isa = PBXNativeTarget;
			buildConfigurationList = 1E163F3F20090BB4002A3BCA /* Build configuration list for PBXNativeTarget "SecondKadaiAppUITests" */;
			buildPhases = (
				1E163F2C20090BB4002A3BCA /* Sources */,
				1E163F2D20090BB4002A3BCA /* Frameworks */,
				1E163F2E20090BB4002A3BCA /* Resources */,
			);
			buildRules = (
			);
			dependencies = (
				1E163F3220090BB4002A3BCA /* PBXTargetDependency */,
			);
			name = SecondKadaiAppUITests;
			productName = SecondKadaiAppUITests;
			productReference = 1E163F3020090BB4002A3BCA /* SecondKadaiAppUITests.xctest */;
			productType = "com.apple.product-type.bundle.ui-testing";
		};
/* End PBXNativeTarget section */

/* Begin PBXProject section */
		1E163F0920090BB3002A3BCA /* Project object */ = {
			isa = PBXProject;
			attributes = {
				LastSwiftUpdateCheck = 0920;
				LastUpgradeCheck = 0920;
				ORGANIZATIONNAME = koki.yamaguchi;
				TargetAttributes = {
					1E163F1020090BB3002A3BCA = {
						CreatedOnToolsVersion = 9.2;
						ProvisioningStyle = Automatic;
					};
					1E163F2420090BB4002A3BCA = {
						CreatedOnToolsVersion = 9.2;
						ProvisioningStyle = Automatic;
						TestTargetID = 1E163F1020090BB3002A3BCA;
					};
					1E163F2F20090BB4002A3BCA = {
						CreatedOnToolsVersion = 9.2;
						ProvisioningStyle = Automatic;
						TestTargetID = 1E163F1020090BB3002A3BCA;
					};
				};
			};
			buildConfigurationList = 1E163F0C20090BB3002A3BCA /* Build configuration list for PBXProject "SecondKadaiApp" */;
			compatibilityVersion = "Xcode 8.0";
			developmentRegion = en;
			hasScannedForEncodings = 0;
			knownRegions = (
				en,
				Base,
			);
			mainGroup = 1E163F0820090BB3002A3BCA;
			productRefGroup = 1E163F1220090BB3002A3BCA /* Products */;
			projectDirPath = "";
			projectRoot = "";
			targets = (
				1E163F1020090BB3002A3BCA /* SecondKadaiApp */,
				1E163F2420090BB4002A3BCA /* SecondKadaiAppTests */,
				1E163F2F20090BB4002A3BCA /* SecondKadaiAppUITests */,
			);
		};
/* End PBXProject section */

/* Begin PBXResourcesBuildPhase section */
		1E163F0F20090BB3002A3BCA /* Resources */ = {
			isa = PBXResourcesBuildPhase;
			buildActionMask = 2147483647;
			files = (
				1E163F1F20090BB3002A3BCA /* LaunchScreen.storyboard in Resources */,
				1E163F1C20090BB3002A3BCA /* Assets.xcassets in Resources */,
				1E163F1A20090BB3002A3BCA /* Main.storyboard in Resources */,
			);
			runOnlyForDeploymentPostprocessing = 0;
		};
		1E163F2320090BB4002A3BCA /* Resources */ = {
			isa = PBXResourcesBuildPhase;
			buildActionMask = 2147483647;
			files = (
			);
			runOnlyForDeploymentPostprocessing = 0;
		};
		1E163F2E20090BB4002A3BCA /* Resources */ = {
			isa = PBXResourcesBuildPhase;
			buildActionMask = 2147483647;
			files = (
			);
			runOnlyForDeploymentPostprocessing = 0;
		};
/* End PBXResourcesBuildPhase section */

/* Begin PBXSourcesBuildPhase section */
		1E163F0D20090BB3002A3BCA /* Sources */ = {
			isa = PBXSourcesBuildPhase;
			buildActionMask = 2147483647;
			files = (
				1E163F1720090BB3002A3BCA /* ViewController.swift in Sources */,
				1E163F4320090FDE002A3BCA /* ReplyViewController.swift in Sources */,
				1E163F1520090BB3002A3BCA /* AppDelegate.swift in Sources */,
			);
			runOnlyForDeploymentPostprocessing = 0;
		};
		1E163F2120090BB4002A3BCA /* Sources */ = {
			isa = PBXSourcesBuildPhase;
			buildActionMask = 2147483647;
			files = (
				1E163F2A20090BB4002A3BCA /* SecondKadaiAppTests.swift in Sources */,
			);
			runOnlyForDeploymentPostprocessing = 0;
		};
		1E163F2C20090BB4002A3BCA /* Sources */ = {
			isa = PBXSourcesBuildPhase;
			buildActionMask = 2147483647;
			files = (
				1E163F3520090BB4002A3BCA /* SecondKadaiAppUITests.swift in Sources */,
			);
			runOnlyForDeploymentPostprocessing = 0;
		};
/* End PBXSourcesBuildPhase section */

/* Begin PBXTargetDependency section */
		1E163F2720090BB4002A3BCA /* PBXTargetDependency */ = {
			isa = PBXTargetDependency;
			target = 1E163F1020090BB3002A3BCA /* SecondKadaiApp */;
			targetProxy = 1E163F2620090BB4002A3BCA /* PBXContainerItemProxy */;
		};
		1E163F3220090BB4002A3BCA /* PBXTargetDependency */ = {
			isa = PBXTargetDependency;
			target = 1E163F1020090BB3002A3BCA /* SecondKadaiApp */;
			targetProxy = 1E163F3120090BB4002A3BCA /* PBXContainerItemProxy */;
		};
/* End PBXTargetDependency section */

/* Begin PBXVariantGroup section */
		1E163F1820090BB3002A3BCA /* Main.storyboard */ = {
			isa = PBXVariantGroup;
			children = (
				1E163F1920090BB3002A3BCA /* Base */,
			);
			name = Main.storyboard;
			sourceTree = "<group>";
		};
		1E163F1D20090BB3002A3BCA /* LaunchScreen.storyboard */ = {
			isa = PBXVariantGroup;
			children = (
				1E163F1E20090BB3002A3BCA /* Base */,
			);
			name = LaunchScreen.storyboard;
			sourceTree = "<group>";
		};
/* End PBXVariantGroup section */

/* Begin XCBuildConfiguration section */
		1E163F3720090BB4002A3BCA /* Debug */ = {
			isa = XCBuildConfiguration;
			buildSettings = {
				ALWAYS_SEARCH_USER_PATHS = NO;
				CLANG_ANALYZER_NONNULL = YES;
				CLANG_ANALYZER_NUMBER_OBJECT_CONVERSION = YES_AGGRESSIVE;
				CLANG_CXX_LANGUAGE_STANDARD = "gnu++14";
				CLANG_CXX_LIBRARY = "libc++";
				CLANG_ENABLE_MODULES = YES;
				CLANG_ENABLE_OBJC_ARC = YES;
				CLANG_WARN_BLOCK_CAPTURE_AUTORELEASING = YES;
				CLANG_WARN_BOOL_CONVERSION = YES;
				CLANG_WARN_COMMA = YES;
				CLANG_WARN_CONSTANT_CONVERSION = YES;
				CLANG_WARN_DIRECT_OBJC_ISA_USAGE = YES_ERROR;
				CLANG_WARN_DOCUMENTATION_COMMENTS = YES;
				CLANG_WARN_EMPTY_BODY = YES;
				CLANG_WARN_ENUM_CONVERSION = YES;
				CLANG_WARN_INFINITE_RECURSION = YES;
				CLANG_WARN_INT_CONVERSION = YES;
				CLANG_WARN_NON_LITERAL_NULL_CONVERSION = YES;
				CLANG_WARN_OBJC_LITERAL_CONVERSION = YES;
				CLANG_WARN_OBJC_ROOT_CLASS = YES_ERROR;
				CLANG_WARN_RANGE_LOOP_ANALYSIS = YES;
				CLANG_WARN_STRICT_PROTOTYPES = YES;
				CLANG_WARN_SUSPICIOUS_MOVE = YES;
				CLANG_WARN_UNGUARDED_AVAILABILITY = YES_AGGRESSIVE;
				CLANG_WARN_UNREACHABLE_CODE = YES;
				CLANG_WARN__DUPLICATE_METHOD_MATCH = YES;
				CODE_SIGN_IDENTITY = "iPhone Developer";
				COPY_PHASE_STRIP = NO;
				DEBUG_INFORMATION_FORMAT = dwarf;
				ENABLE_STRICT_OBJC_MSGSEND = YES;
				ENABLE_TESTABILITY = YES;
				GCC_C_LANGUAGE_STANDARD = gnu11;
				GCC_DYNAMIC_NO_PIC = NO;
				GCC_NO_COMMON_BLOCKS = YES;
				GCC_OPTIMIZATION_LEVEL = 0;
				GCC_PREPROCESSOR_DEFINITIONS = (
					"DEBUG=1",
					"$(inherited)",
				);
				GCC_WARN_64_TO_32_BIT_CONVERSION = YES;
				GCC_WARN_ABOUT_RETURN_TYPE = YES_ERROR;
				GCC_WARN_UNDECLARED_SELECTOR = YES;
				GCC_WARN_UNINITIALIZED_AUTOS = YES_AGGRESSIVE;
				GCC_WARN_UNUSED_FUNCTION = YES;
				GCC_WARN_UNUSED_VARIABLE = YES;
				IPHONEOS_DEPLOYMENT_TARGET = 11.2;
				MTL_ENABLE_DEBUG_INFO = YES;
				ONLY_ACTIVE_ARCH = YES;
				SDKROOT = iphoneos;
				SWIFT_ACTIVE_COMPILATION_CONDITIONS = DEBUG;
				SWIFT_OPTIMIZATION_LEVEL = "-Onone";
			};
			name = Debug;
		};
		1E163F3820090BB4002A3BCA /* Release */ = {
			isa = XCBuildConfiguration;
			buildSettings = {
				ALWAYS_SEARCH_USER_PATHS = NO;
				CLANG_ANALYZER_NONNULL = YES;
				CLANG_ANALYZER_NUMBER_OBJECT_CONVERSION = YES_AGGRESSIVE;
				CLANG_CXX_LANGUAGE_STANDARD = "gnu++14";
				CLANG_CXX_LIBRARY = "libc++";
				CLANG_ENABLE_MODULES = YES;
				CLANG_ENABLE_OBJC_ARC = YES;
				CLANG_WARN_BLOCK_CAPTURE_AUTORELEASING = YES;
				CLANG_WARN_BOOL_CONVERSION = YES;
				CLANG_WARN_COMMA = YES;
				CLANG_WARN_CONSTANT_CONVERSION = YES;
				CLANG_WARN_DIRECT_OBJC_ISA_USAGE = YES_ERROR;
				CLANG_WARN_DOCUMENTATION_COMMENTS = YES;
				CLANG_WARN_EMPTY_BODY = YES;
				CLANG_WARN_ENUM_CONVERSION = YES;
				CLANG_WARN_INFINITE_RECURSION = YES;
				CLANG_WARN_INT_CONVERSION = YES;
				CLANG_WARN_NON_LITERAL_NULL_CONVERSION = YES;
				CLANG_WARN_OBJC_LITERAL_CONVERSION = YES;
				CLANG_WARN_OBJC_ROOT_CLASS = YES_ERROR;
				CLANG_WARN_RANGE_LOOP_ANALYSIS = YES;
				CLANG_WARN_STRICT_PROTOTYPES = YES;
				CLANG_WARN_SUSPICIOUS_MOVE = YES;
				CLANG_WARN_UNGUARDED_AVAILABILITY = YES_AGGRESSIVE;
				CLANG_WARN_UNREACHABLE_CODE = YES;
				CLANG_WARN__DUPLICATE_METHOD_MATCH = YES;
				CODE_SIGN_IDENTITY = "iPhone Developer";
				COPY_PHASE_STRIP = NO;
				DEBUG_INFORMATION_FORMAT = "dwarf-with-dsym";
				ENABLE_NS_ASSERTIONS = NO;
				ENABLE_STRICT_OBJC_MSGSEND = YES;
				GCC_C_LANGUAGE_STANDARD = gnu11;
				GCC_NO_COMMON_BLOCKS = YES;
				GCC_WARN_64_TO_32_BIT_CONVERSION = YES;
				GCC_WARN_ABOUT_RETURN_TYPE = YES_ERROR;
				GCC_WARN_UNDECLARED_SELECTOR = YES;
				GCC_WARN_UNINITIALIZED_AUTOS = YES_AGGRESSIVE;
				GCC_WARN_UNUSED_FUNCTION = YES;
				GCC_WARN_UNUSED_VARIABLE = YES;
				IPHONEOS_DEPLOYMENT_TARGET = 11.2;
				MTL_ENABLE_DEBUG_INFO = NO;
				SDKROOT = iphoneos;
				SWIFT_OPTIMIZATION_LEVEL = "-Owholemodule";
				VALIDATE_PRODUCT = YES;
			};
			name = Release;
		};
		1E163F3A20090BB4002A3BCA /* Debug */ = {
			isa = XCBuildConfiguration;
			buildSettings = {
				ASSETCATALOG_COMPILER_APPICON_NAME = AppIcon;
				CODE_SIGN_STYLE = Automatic;
				INFOPLIST_FILE = SecondKadaiApp/Info.plist;
				LD_RUNPATH_SEARCH_PATHS = "$(inherited) @executable_path/Frameworks";
				PRODUCT_BUNDLE_IDENTIFIER = jp.techacademy.koki.yamguchi.SecondKadaiApp;
				PRODUCT_NAME = "$(TARGET_NAME)";
				SWIFT_VERSION = 4.0;
				TARGETED_DEVICE_FAMILY = "1,2";
			};
			name = Debug;
		};
		1E163F3B20090BB4002A3BCA /* Release */ = {
			isa = XCBuildConfiguration;
			buildSettings = {
				ASSETCATALOG_COMPILER_APPICON_NAME = AppIcon;
				CODE_SIGN_STYLE = Automatic;
				INFOPLIST_FILE = SecondKadaiApp/Info.plist;
				LD_RUNPATH_SEARCH_PATHS = "$(inherited) @executable_path/Frameworks";
				PRODUCT_BUNDLE_IDENTIFIER = jp.techacademy.koki.yamguchi.SecondKadaiApp;
				PRODUCT_NAME = "$(TARGET_NAME)";
				SWIFT_VERSION = 4.0;
				TARGETED_DEVICE_FAMILY = "1,2";
			};
			name = Release;
		};
		1E163F3D20090BB4002A3BCA /* Debug */ = {
			isa = XCBuildConfiguration;
			buildSettings = {
				ALWAYS_EMBED_SWIFT_STANDARD_LIBRARIES = YES;
				BUNDLE_LOADER = "$(TEST_HOST)";
				CODE_SIGN_STYLE = Automatic;
				INFOPLIST_FILE = SecondKadaiAppTests/Info.plist;
				LD_RUNPATH_SEARCH_PATHS = "$(inherited) @executable_path/Frameworks @loader_path/Frameworks";
				PRODUCT_BUNDLE_IDENTIFIER = jp.techacademy.koki.yamguchi.SecondKadaiAppTests;
				PRODUCT_NAME = "$(TARGET_NAME)";
				SWIFT_VERSION = 4.0;
				TARGETED_DEVICE_FAMILY = "1,2";
				TEST_HOST = "$(BUILT_PRODUCTS_DIR)/SecondKadaiApp.app/SecondKadaiApp";
			};
			name = Debug;
		};
		1E163F3E20090BB4002A3BCA /* Release */ = {
			isa = XCBuildConfiguration;
			buildSettings = {
				ALWAYS_EMBED_SWIFT_STANDARD_LIBRARIES = YES;
				BUNDLE_LOADER = "$(TEST_HOST)";
				CODE_SIGN_STYLE = Automatic;
				INFOPLIST_FILE = SecondKadaiAppTests/Info.plist;
				LD_RUNPATH_SEARCH_PATHS = "$(inherited) @executable_path/Frameworks @loader_path/Frameworks";
				PRODUCT_BUNDLE_IDENTIFIER = jp.techacademy.koki.yamguchi.SecondKadaiAppTests;
				PRODUCT_NAME = "$(TARGET_NAME)";
				SWIFT_VERSION = 4.0;
				TARGETED_DEVICE_FAMILY = "1,2";
				TEST_HOST = "$(BUILT_PRODUCTS_DIR)/SecondKadaiApp.app/SecondKadaiApp";
			};
			name = Release;
		};
		1E163F4020090BB4002A3BCA /* Debug */ = {
			isa = XCBuildConfiguration;
			buildSettings = {
				ALWAYS_EMBED_SWIFT_STANDARD_LIBRARIES = YES;
				CODE_SIGN_STYLE = Automatic;
				INFOPLIST_FILE = SecondKadaiAppUITests/Info.plist;
				LD_RUNPATH_SEARCH_PATHS = "$(inherited) @executable_path/Frameworks @loader_path/Frameworks";
				PRODUCT_BUNDLE_IDENTIFIER = jp.techacademy.koki.yamguchi.SecondKadaiAppUITests;
				PRODUCT_NAME = "$(TARGET_NAME)";
				SWIFT_VERSION = 4.0;
				TARGETED_DEVICE_FAMILY = "1,2";
				TEST_TARGET_NAME = SecondKadaiApp;
			};
			name = Debug;
		};
		1E163F4120090BB4002A3BCA /* Release */ = {
			isa = XCBuildConfiguration;
			buildSettings = {
				ALWAYS_EMBED_SWIFT_STANDARD_LIBRARIES = YES;
				CODE_SIGN_STYLE = Automatic;
				INFOPLIST_FILE = SecondKadaiAppUITests/Info.plist;
				LD_RUNPATH_SEARCH_PATHS = "$(inherited) @executable_path/Frameworks @loader_path/Frameworks";
				PRODUCT_BUNDLE_IDENTIFIER = jp.techacademy.koki.yamguchi.SecondKadaiAppUITests;
				PRODUCT_NAME = "$(TARGET_NAME)";
				SWIFT_VERSION = 4.0;
				TARGETED_DEVICE_FAMILY = "1,2";
				TEST_TARGET_NAME = SecondKadaiApp;
			};
			name = Release;
		};
/* End XCBuildConfiguration section */

/* Begin XCConfigurationList section */
		1E163F0C20090BB3002A3BCA /* Build configuration list for PBXProject "SecondKadaiApp" */ = {
			isa = XCConfigurationList;
			buildConfigurations = (
				1E163F3720090BB4002A3BCA /* Debug */,
				1E163F3820090BB4002A3BCA /* Release */,
			);
			defaultConfigurationIsVisible = 0;
			defaultConfigurationName = Release;
		};
		1E163F3920090BB4002A3BCA /* Build configuration list for PBXNativeTarget "SecondKadaiApp" */ = {
			isa = XCConfigurationList;
			buildConfigurations = (
				1E163F3A20090BB4002A3BCA /* Debug */,
				1E163F3B20090BB4002A3BCA /* Release */,
			);
			defaultConfigurationIsVisible = 0;
			defaultConfigurationName = Release;
		};
		1E163F3C20090BB4002A3BCA /* Build configuration list for PBXNativeTarget "SecondKadaiAppTests" */ = {
			isa = XCConfigurationList;
			buildConfigurations = (
				1E163F3D20090BB4002A3BCA /* Debug */,
				1E163F3E20090BB4002A3BCA /* Release */,
			);
			defaultConfigurationIsVisible = 0;
			defaultConfigurationName = Release;
		};
		1E163F3F20090BB4002A3BCA /* Build configuration list for PBXNativeTarget "SecondKadaiAppUITests" */ = {
			isa = XCConfigurationList;
			buildConfigurations = (
				1E163F4020090BB4002A3BCA /* Debug */,
				1E163F4120090BB4002A3BCA /* Release */,
			);
			defaultConfigurationIsVisible = 0;
			defaultConfigurationName = Release;
		};
/* End XCConfigurationList section */
	};
	rootObject = 1E163F0920090BB3002A3BCA /* Project object */;
}
